
Microsoft Visual Studio Solution File, Format Version 12.00
# Visual Studio Version 16
VisualStudioVersion = 16.0.31424.327
MinimumVisualStudioVersion = 10.0.40219.1
Project("{8BC9CEB8-8B4A-11D0-8D11-00A0C91BC942}") = "Erosion", "Erosion\Erosion.vcxproj", "{6CEB23FF-A71A-40F9-8DDE-CE1389345A27}"
EndProject
Global
	GlobalSection(SolutionConfigurationPlatforms) = preSolution
		Debug|x64 = Debug|x64
		Debug|x86 = Debug|x86
		Release|x64 = Release|x64
		Release|x86 = Release|x86
	EndGlobalSection
	GlobalSection(ProjectConfigurationPlatforms) = postSolution
		{6CEB23FF-A71A-40F9-8DDE-CE1389345A27}.Debug|x64.ActiveCfg = Debug|x64
		{6CEB23FF-A71A-40F9-8DDE-CE1389345A27}.Debug|x64.Build.0 = Debug|x64
		{6CEB23FF-A71A-40F9-8DDE-CE1389345A27}.Debug|x86.ActiveCfg = Debug|Win32
		{6CEB23FF-A71A-40F9-8DDE-CE1389345A27}.Debug|x86.Build.0 = Debug|Win32
		{6CEB23FF-A71A-40F9-8DDE-CE1389345A27}.Release|x64.ActiveCfg = Release|x64
		{6CEB23FF-A71A-40F9-8DDE-CE1389345A27}.Release|x64.Build.0 = Release|x64
		{6CEB23FF-A71A-40F9-8DDE-CE1389345A27}.Release|x86.ActiveCfg = Release|Win32
		{6CEB23FF-A71A-40F9-8DDE-CE1389345A27}.Release|x86.Build.0 = Release|Win32
	EndGlobalSection
	GlobalSection(SolutionProperties) = preSolution
		HideSolutionNode = FALSE
	EndGlobalSection
	GlobalSection(ExtensibilityGlobals) = postSolution
		SolutionGuid = {7DC9DA7E-A490-40AE-8DAA-631DE3B61697}
	EndGlobalSection
EndGlobal
